PODS:
  - AFNetworking (3.2.1):
    - AFNetworking/NSURLSession (= 3.2.1)
    - AFNetworking/Reachability (= 3.2.1)
    - AFNetworking/Security (= 3.2.1)
    - AFNetworking/Serialization (= 3.2.1)
    - AFNetworking/UIKit (= 3.2.1)
  - AFNetworking/NSURLSession (3.2.1):
    - AFNetworking/Reachability
    - AFNetworking/Security
    - AFNetworking/Serialization
  - AFNetworking/Reachability (3.2.1)
  - AFNetworking/Security (3.2.1)
  - AFNetworking/Serialization (3.2.1)
  - AFNetworking/UIKit (3.2.1):
    - AFNetworking/NSURLSession
  - Masonry (1.1.0)
  - SDWebImage (5.0.6):
    - SDWebImage/Core (= 5.0.6)
  - SDWebImage/Core (5.0.6)
  - "UITableView+FDTemplateLayoutCell (1.6)"

DEPENDENCIES:
  - AFNetworking
  - Masonry
  - SDWebImage
  - "UITableView+FDTemplateLayoutCell"

SPEC REPOS:
  https://github.com/cocoapods/specs.git:
    - AFNetworking
    - Masonry
    - SDWebImage
    - "UITableView+FDTemplateLayoutCell"

SPEC CHECKSUMS:
  AFNetworking: b6f891fdfaed196b46c7a83cf209e09697b94057
  Masonry: 678fab65091a9290e40e2832a55e7ab731aad201
  SDWebImage: 920f1a2ff1ca8296ad34f6e0510a1ef1d70ac965
  "UITableView+FDTemplateLayoutCell": 5c949b4a5059c404b442926c0e80f81d10a2d66f

PODFILE CHECKSUM: 9d4141a7686e80fd0d94c3b3b19484182d600b68

COCOAPODS: 1.5.3
