// !$*UTF8*$!
{
	archiveVersion = 1;
	classes = {
	};
	objectVersion = 50;
	objects = {

/* Begin PBXBuildFile section */
		A639C34722D8757B0070CBBF /* AppDelegate.m in Sources */ = {isa = PBXBuildFile; fileRef = A639C34622D8757B0070CBBF /* AppDelegate.m */; };
		A639C34A22D8757B0070CBBF /* ViewController.m in Sources */ = {isa = PBXBuildFile; fileRef = A639C34922D8757B0070CBBF /* ViewController.m */; };
		A639C34D22D8757B0070CBBF /* Main.storyboard in Resources */ = {isa = PBXBuildFile; fileRef = A639C34B22D8757B0070CBBF /* Main.storyboard */; };
		A639C34F22D8757C0070CBBF /* Assets.xcassets in Resources */ = {isa = PBXBuildFile; fileRef = A639C34E22D8757C0070CBBF /* Assets.xcassets */; };
		A639C35222D8757C0070CBBF /* LaunchScreen.storyboard in Resources */ = {isa = PBXBuildFile; fileRef = A639C35022D8757C0070CBBF /* LaunchScreen.storyboard */; };
		A639C35522D8757C0070CBBF /* main.m in Sources */ = {isa = PBXBuildFile; fileRef = A639C35422D8757C0070CBBF /* main.m */; };
/* End PBXBuildFile section */

/* Begin PBXFileReference section */
		A639C34222D8757B0070CBBF /* SKThirdLibrary.app */ = {isa = PBXFileReference; explicitFileType = wrapper.application; includeInIndex = 0; path = SKThirdLibrary.app; sourceTree = BUILT_PRODUCTS_DIR; };
		A639C34522D8757B0070CBBF /* AppDelegate.h */ = {isa = PBXFileReference; lastKnownFileType = sourcecode.c.h; path = AppDelegate.h; sourceTree = "<group>"; };
		A639C34622D8757B0070CBBF /* AppDelegate.m */ = {isa = PBXFileReference; lastKnownFileType = sourcecode.c.objc; path = AppDelegate.m; sourceTree = "<group>"; };
		A639C34822D8757B0070CBBF /* ViewController.h */ = {isa = PBXFileReference; lastKnownFileType = sourcecode.c.h; path = ViewController.h; sourceTree = "<group>"; };
		A639C34922D8757B0070CBBF /* ViewController.m */ = {isa = PBXFileReference; lastKnownFileType = sourcecode.c.objc; path = ViewController.m; sourceTree = "<group>"; };
		A639C34C22D8757B0070CBBF /* Base */ = {isa = PBXFileReference; lastKnownFileType = file.storyboard; name = Base; path = Base.lproj/Main.storyboard; sourceTree = "<group>"; };
		A639C34E22D8757C0070CBBF /* Assets.xcassets */ = {isa = PBXFileReference; lastKnownFileType = folder.assetcatalog; path = Assets.xcassets; sourceTree = "<group>"; };
		A639C35122D8757C0070CBBF /* Base */ = {isa = PBXFileReference; lastKnownFileType = file.storyboard; name = Base; path = Base.lproj/LaunchScreen.storyboard; sourceTree = "<group>"; };
		A639C35322D8757C0070CBBF /* Info.plist */ = {isa = PBXFileReference; lastKnownFileType = text.plist.xml; path = Info.plist; sourceTree = "<group>"; };
		A639C35422D8757C0070CBBF /* main.m */ = {isa = PBXFileReference; lastKnownFileType = sourcecode.c.objc; path = main.m; sourceTree = "<group>"; };
/* End PBXFileReference section */

/* Begin PBXFrameworksBuildPhase section */
		A639C33F22D8757B0070CBBF /* Frameworks */ = {
			isa = PBXFrameworksBuildPhase;
			buildActionMask = 2147483647;
			files = (
			);
			runOnlyForDeploymentPostprocessing = 0;
		};
/* End PBXFrameworksBuildPhase section */

/* Begin PBXGroup section */
		A639C33922D8757A0070CBBF = {
			isa = PBXGroup;
			children = (
				A639C34422D8757B0070CBBF /* SKThirdLibrary */,
				A639C34322D8757B0070CBBF /* Products */,
			);
			sourceTree = "<group>";
		};
		A639C34322D8757B0070CBBF /* Products */ = {
			isa = PBXGroup;
			children = (
				A639C34222D8757B0070CBBF /* SKThirdLibrary.app */,
			);
			name = Products;
			sourceTree = "<group>";
		};
		A639C34422D8757B0070CBBF /* SKThirdLibrary */ = {
			isa = PBXGroup;
			children = (
				A639C34522D8757B0070CBBF /* AppDelegate.h */,
				A639C34622D8757B0070CBBF /* AppDelegate.m */,
				A639C34822D8757B0070CBBF /* ViewController.h */,
				A639C34922D8757B0070CBBF /* ViewController.m */,
				A639C34B22D8757B0070CBBF /* Main.storyboard */,
				A639C34E22D8757C0070CBBF /* Assets.xcassets */,
				A639C35022D8757C0070CBBF /* LaunchScreen.storyboard */,
				A639C35322D8757C0070CBBF /* Info.plist */,
				A639C35422D8757C0070CBBF /* main.m */,
			);
			path = SKThirdLibrary;
			sourceTree = "<group>";
		};
/* End PBXGroup section */

/* Begin PBXNativeTarget section */
		A639C34122D8757B0070CBBF /* SKThirdLibrary */ = {
			isa = PBXNativeTarget;
			buildConfigurationList = A639C35822D8757C0070CBBF /* Build configuration list for PBXNativeTarget "SKThirdLibrary" */;
			buildPhases = (
				A639C33E22D8757B0070CBBF /* Sources */,
				A639C33F22D8757B0070CBBF /* Frameworks */,
				A639C34022D8757B0070CBBF /* Resources */,
			);
			buildRules = (
			);
			dependencies = (
			);
			name = SKThirdLibrary;
			productName = SKThirdLibrary;
			productReference = A639C34222D8757B0070CBBF /* SKThirdLibrary.app */;
			productType = "com.apple.product-type.application";
		};
/* End PBXNativeTarget section */

/* Begin PBXProject section */
		A639C33A22D8757A0070CBBF /* Project object */ = {
			isa = PBXProject;
			attributes = {
				LastUpgradeCheck = 1020;
				ORGANIZATIONNAME = "王三坤";
				TargetAttributes = {
					A639C34122D8757B0070CBBF = {
						CreatedOnToolsVersion = 10.2.1;
					};
				};
			};
			buildConfigurationList = A639C33D22D8757A0070CBBF /* Build configuration list for PBXProject "SKThirdLibrary" */;
			compatibilityVersion = "Xcode 9.3";
			developmentRegion = en;
			hasScannedForEncodings = 0;
			knownRegions = (
				en,
				Base,
			);
			mainGroup = A639C33922D8757A0070CBBF;
			productRefGroup = A639C34322D8757B0070CBBF /* Products */;
			projectDirPath = "";
			projectRoot = "";
			targets = (
				A639C34122D8757B0070CBBF /* SKThirdLibrary */,
			);
		};
/* End PBXProject section */

/* Begin PBXResourcesBuildPhase section */
		A639C34022D8757B0070CBBF /* Resources */ = {
			isa = PBXResourcesBuildPhase;
			buildActionMask = 2147483647;
			files = (
				A639C35222D8757C0070CBBF /* LaunchScreen.storyboard in Resources */,
				A639C34F22D8757C0070CBBF /* Assets.xcassets in Resources */,
				A639C34D22D8757B0070CBBF /* Main.storyboard in Resources */,
			);
			runOnlyForDeploymentPostprocessing = 0;
		};
/* End PBXResourcesBuildPhase section */

/* Begin PBXSourcesBuildPhase section */
		A639C33E22D8757B0070CBBF /* Sources */ = {
			isa = PBXSourcesBuildPhase;
			buildActionMask = 2147483647;
			files = (
				A639C34A22D8757B0070CBBF /* ViewController.m in Sources */,
				A639C35522D8757C0070CBBF /* main.m in Sources */,
				A639C34722D8757B0070CBBF /* AppDelegate.m in Sources */,
			);
			runOnlyForDeploymentPostprocessing = 0;
		};
/* End PBXSourcesBuildPhase section */

/* Begin PBXVariantGroup section */
		A639C34B22D8757B0070CBBF /* Main.storyboard */ = {
			isa = PBXVariantGroup;
			children = (
				A639C34C22D8757B0070CBBF /* Base */,
			);
			name = Main.storyboard;
			sourceTree = "<group>";
		};
		A639C35022D8757C0070CBBF /* LaunchScreen.storyboard */ = {
			isa = PBXVariantGroup;
			children = (
				A639C35122D8757C0070CBBF /* Base */,
			);
			name = LaunchScreen.storyboard;
			sourceTree = "<group>";
		};
/* End PBXVariantGroup section */

/* Begin XCBuildConfiguration section */
		A639C35622D8757C0070CBBF /* Debug */ = {
			isa = XCBuildConfiguration;
			buildSettings = {
				ALWAYS_SEARCH_USER_PATHS = NO;
				CLANG_ANALYZER_NONNULL = YES;
				CLANG_ANALYZER_NUMBER_OBJECT_CONVERSION = YES_AGGRESSIVE;
				CLANG_CXX_LANGUAGE_STANDARD = "gnu++14";
				CLANG_CXX_LIBRARY = "libc++";
				CLANG_ENABLE_MODULES = YES;
				CLANG_ENABLE_OBJC_ARC = YES;
				CLANG_ENABLE_OBJC_WEAK = YES;
				CLANG_WARN_BLOCK_CAPTURE_AUTORELEASING = YES;
				CLANG_WARN_BOOL_CONVERSION = YES;
				CLANG_WARN_COMMA = YES;
				CLANG_WARN_CONSTANT_CONVERSION = YES;
				CLANG_WARN_DEPRECATED_OBJC_IMPLEMENTATIONS = YES;
				CLANG_WARN_DIRECT_OBJC_ISA_USAGE = YES_ERROR;
				CLANG_WARN_DOCUMENTATION_COMMENTS = YES;
				CLANG_WARN_EMPTY_BODY = YES;
				CLANG_WARN_ENUM_CONVERSION = YES;
				CLANG_WARN_INFINITE_RECURSION = YES;
				CLANG_WARN_INT_CONVERSION = YES;
				CLANG_WARN_NON_LITERAL_NULL_CONVERSION = YES;
				CLANG_WARN_OBJC_IMPLICIT_RETAIN_SELF = YES;
				CLANG_WARN_OBJC_LITERAL_CONVERSION = YES;
				CLANG_WARN_OBJC_ROOT_CLASS = YES_ERROR;
				CLANG_WARN_RANGE_LOOP_ANALYSIS = YES;
				CLANG_WARN_STRICT_PROTOTYPES = YES;
				CLANG_WARN_SUSPICIOUS_MOVE = YES;
				CLANG_WARN_UNGUARDED_AVAILABILITY = YES_AGGRESSIVE;
				CLANG_WARN_UNREACHABLE_CODE = YES;
				CLANG_WARN__DUPLICATE_METHOD_MATCH = YES;
				CODE_SIGN_IDENTITY = "iPhone Developer";
				COPY_PHASE_STRIP = NO;
				DEBUG_INFORMATION_FORMAT = dwarf;
				ENABLE_STRICT_OBJC_MSGSEND = YES;
				ENABLE_TESTABILITY = YES;
				GCC_C_LANGUAGE_STANDARD = gnu11;
				GCC_DYNAMIC_NO_PIC = NO;
				GCC_NO_COMMON_BLOCKS = YES;
				GCC_OPTIMIZATION_LEVEL = 0;
				GCC_PREPROCESSOR_DEFINITIONS = (
					"DEBUG=1",
					"$(inherited)",
				);
				GCC_WARN_64_TO_32_BIT_CONVERSION = YES;
				GCC_WARN_ABOUT_RETURN_TYPE = YES_ERROR;
				GCC_WARN_UNDECLARED_SELECTOR = YES;
				GCC_WARN_UNINITIALIZED_AUTOS = YES_AGGRESSIVE;
				GCC_WARN_UNUSED_FUNCTION = YES;
				GCC_WARN_UNUSED_VARIABLE = YES;
				IPHONEOS_DEPLOYMENT_TARGET = 12.2;
				MTL_ENABLE_DEBUG_INFO = INCLUDE_SOURCE;
				MTL_FAST_MATH = YES;
				ONLY_ACTIVE_ARCH = YES;
				SDKROOT = iphoneos;
			};
			name = Debug;
		};
		A639C35722D8757C0070CBBF /* Release */ = {
			isa = XCBuildConfiguration;
			buildSettings = {
				ALWAYS_SEARCH_USER_PATHS = NO;
				CLANG_ANALYZER_NONNULL = YES;
				CLANG_ANALYZER_NUMBER_OBJECT_CONVERSION = YES_AGGRESSIVE;
				CLANG_CXX_LANGUAGE_STANDARD = "gnu++14";
				CLANG_CXX_LIBRARY = "libc++";
				CLANG_ENABLE_MODULES = YES;
				CLANG_ENABLE_OBJC_ARC = YES;
				CLANG_ENABLE_OBJC_WEAK = YES;
				CLANG_WARN_BLOCK_CAPTURE_AUTORELEASING = YES;
				CLANG_WARN_BOOL_CONVERSION = YES;
				CLANG_WARN_COMMA = YES;
				CLANG_WARN_CONSTANT_CONVERSION = YES;
				CLANG_WARN_DEPRECATED_OBJC_IMPLEMENTATIONS = YES;
				CLANG_WARN_DIRECT_OBJC_ISA_USAGE = YES_ERROR;
				CLANG_WARN_DOCUMENTATION_COMMENTS = YES;
				CLANG_WARN_EMPTY_BODY = YES;
				CLANG_WARN_ENUM_CONVERSION = YES;
				CLANG_WARN_INFINITE_RECURSION = YES;
				CLANG_WARN_INT_CONVERSION = YES;
				CLANG_WARN_NON_LITERAL_NULL_CONVERSION = YES;
				CLANG_WARN_OBJC_IMPLICIT_RETAIN_SELF = YES;
				CLANG_WARN_OBJC_LITERAL_CONVERSION = YES;
				CLANG_WARN_OBJC_ROOT_CLASS = YES_ERROR;
				CLANG_WARN_RANGE_LOOP_ANALYSIS = YES;
				CLANG_WARN_STRICT_PROTOTYPES = YES;
				CLANG_WARN_SUSPICIOUS_MOVE = YES;
				CLANG_WARN_UNGUARDED_AVAILABILITY = YES_AGGRESSIVE;
				CLANG_WARN_UNREACHABLE_CODE = YES;
				CLANG_WARN__DUPLICATE_METHOD_MATCH = YES;
				CODE_SIGN_IDENTITY = "iPhone Developer";
				COPY_PHASE_STRIP = NO;
				DEBUG_INFORMATION_FORMAT = "dwarf-with-dsym";
				ENABLE_NS_ASSERTIONS = NO;
				ENABLE_STRICT_OBJC_MSGSEND = YES;
				GCC_C_LANGUAGE_STANDARD = gnu11;
				GCC_NO_COMMON_BLOCKS = YES;
				GCC_WARN_64_TO_32_BIT_CONVERSION = YES;
				GCC_WARN_ABOUT_RETURN_TYPE = YES_ERROR;
				GCC_WARN_UNDECLARED_SELECTOR = YES;
				GCC_WARN_UNINITIALIZED_AUTOS = YES_AGGRESSIVE;
				GCC_WARN_UNUSED_FUNCTION = YES;
				GCC_WARN_UNUSED_VARIABLE = YES;
				IPHONEOS_DEPLOYMENT_TARGET = 12.2;
				MTL_ENABLE_DEBUG_INFO = NO;
				MTL_FAST_MATH = YES;
				SDKROOT = iphoneos;
				VALIDATE_PRODUCT = YES;
			};
			name = Release;
		};
		A639C35922D8757C0070CBBF /* Debug */ = {
			isa = XCBuildConfiguration;
			buildSettings = {
				ASSETCATALOG_COMPILER_APPICON_NAME = AppIcon;
				CODE_SIGN_STYLE = Automatic;
				DEVELOPMENT_TEAM = GQ3DZ7U8RB;
				INFOPLIST_FILE = SKThirdLibrary/Info.plist;
				LD_RUNPATH_SEARCH_PATHS = (
					"$(inherited)",
					"@executable_path/Frameworks",
				);
				PRODUCT_BUNDLE_IDENTIFIER = com.wangsankun.sk.SKThirdLibrary;
				PRODUCT_NAME = "$(TARGET_NAME)";
				TARGETED_DEVICE_FAMILY = "1,2";
			};
			name = Debug;
		};
		A639C35A22D8757C0070CBBF /* Release */ = {
			isa = XCBuildConfiguration;
			buildSettings = {
				ASSETCATALOG_COMPILER_APPICON_NAME = AppIcon;
				CODE_SIGN_STYLE = Automatic;
				DEVELOPMENT_TEAM = GQ3DZ7U8RB;
				INFOPLIST_FILE = SKThirdLibrary/Info.plist;
				LD_RUNPATH_SEARCH_PATHS = (
					"$(inherited)",
					"@executable_path/Frameworks",
				);
				PRODUCT_BUNDLE_IDENTIFIER = com.wangsankun.sk.SKThirdLibrary;
				PRODUCT_NAME = "$(TARGET_NAME)";
				TARGETED_DEVICE_FAMILY = "1,2";
			};
			name = Release;
		};
/* End XCBuildConfiguration section */

/* Begin XCConfigurationList section */
		A639C33D22D8757A0070CBBF /* Build configuration list for PBXProject "SKThirdLibrary" */ = {
			isa = XCConfigurationList;
			buildConfigurations = (
				A639C35622D8757C0070CBBF /* Debug */,
				A639C35722D8757C0070CBBF /* Release */,
			);
			defaultConfigurationIsVisible = 0;
			defaultConfigurationName = Release;
		};
		A639C35822D8757C0070CBBF /* Build configuration list for PBXNativeTarget "SKThirdLibrary" */ = {
			isa = XCConfigurationList;
			buildConfigurations = (
				A639C35922D8757C0070CBBF /* Debug */,
				A639C35A22D8757C0070CBBF /* Release */,
			);
			defaultConfigurationIsVisible = 0;
			defaultConfigurationName = Release;
		};
/* End XCConfigurationList section */
	};
	rootObject = A639C33A22D8757A0070CBBF /* Project object */;
}
